// !$*UTF8*$!
{
	archiveVersion = 1;
	classes = {
	};
	objectVersion = 46;
	objects = {

/* Begin PBXBuildFile section */
		817A3C6E1B1CCBC900065690 /* main.m in Sources */ = {isa = PBXBuildFile; fileRef = 817A3C6D1B1CCBC900065690 /* main.m */; };
		817A3C721B1CD17000065690 /* GLNumericalModelingKit.dylib in Frameworks */ = {isa = PBXBuildFile; fileRef = 8187739719E48A0A007E5DA3 /* GLNumericalModelingKit.dylib */; };
		817A3C731B1CD17400065690 /* GLOceanKit.dylib in Frameworks */ = {isa = PBXBuildFile; fileRef = 8187739919E48A7C007E5DA3 /* GLOceanKit.dylib */; };
		8187739119E4893D007E5DA3 /* main.m in Sources */ = {isa = PBXBuildFile; fileRef = 8187739019E4893D007E5DA3 /* main.m */; };
		8187739819E48A0A007E5DA3 /* GLNumericalModelingKit.dylib in Frameworks */ = {isa = PBXBuildFile; fileRef = 8187739719E48A0A007E5DA3 /* GLNumericalModelingKit.dylib */; };
		8187739A19E48A7C007E5DA3 /* GLOceanKit.dylib in Frameworks */ = {isa = PBXBuildFile; fileRef = 8187739919E48A7C007E5DA3 /* GLOceanKit.dylib */; };
/* End PBXBuildFile section */

/* Begin PBXCopyFilesBuildPhase section */
		817A3C691B1CCBC900065690 /* CopyFiles */ = {
			isa = PBXCopyFilesBuildPhase;
			buildActionMask = 2147483647;
			dstPath = /usr/share/man/man1/;
			dstSubfolderSpec = 0;
			files = (
			);
			runOnlyForDeploymentPostprocessing = 1;
		};
		8187738B19E4893D007E5DA3 /* CopyFiles */ = {
			isa = PBXCopyFilesBuildPhase;
			buildActionMask = 2147483647;
			dstPath = /usr/share/man/man1/;
			dstSubfolderSpec = 0;
			files = (
			);
			runOnlyForDeploymentPostprocessing = 1;
		};
/* End PBXCopyFilesBuildPhase section */

/* Begin PBXFileReference section */
		817A3C6B1B1CCBC900065690 /* QuasigeostrophicTurbulenceWithRestart */ = {isa = PBXFileReference; explicitFileType = "compiled.mach-o.executable"; includeInIndex = 0; path = QuasigeostrophicTurbulenceWithRestart; sourceTree = BUILT_PRODUCTS_DIR; };
		817A3C6D1B1CCBC900065690 /* main.m */ = {isa = PBXFileReference; lastKnownFileType = sourcecode.c.objc; path = main.m; sourceTree = "<group>"; };
		8187738D19E4893D007E5DA3 /* QuasigeostrophicTurbulence */ = {isa = PBXFileReference; explicitFileType = "compiled.mach-o.executable"; includeInIndex = 0; path = QuasigeostrophicTurbulence; sourceTree = BUILT_PRODUCTS_DIR; };
		8187739019E4893D007E5DA3 /* main.m */ = {isa = PBXFileReference; lastKnownFileType = sourcecode.c.objc; path = main.m; sourceTree = "<group>"; };
		8187739719E48A0A007E5DA3 /* GLNumericalModelingKit.dylib */ = {isa = PBXFileReference; lastKnownFileType = "compiled.mach-o.dylib"; path = GLNumericalModelingKit.dylib; sourceTree = BUILT_PRODUCTS_DIR; };
		8187739919E48A7C007E5DA3 /* GLOceanKit.dylib */ = {isa = PBXFileReference; lastKnownFileType = "compiled.mach-o.dylib"; path = GLOceanKit.dylib; sourceTree = BUILT_PRODUCTS_DIR; };
/* End PBXFileReference section */

/* Begin PBXFrameworksBuildPhase section */
		817A3C681B1CCBC900065690 /* Frameworks */ = {
			isa = PBXFrameworksBuildPhase;
			buildActionMask = 2147483647;
			files = (
				817A3C731B1CD17400065690 /* GLOceanKit.dylib in Frameworks */,
				817A3C721B1CD17000065690 /* GLNumericalModelingKit.dylib in Frameworks */,
			);
			runOnlyForDeploymentPostprocessing = 0;
		};
		8187738A19E4893D007E5DA3 /* Frameworks */ = {
			isa = PBXFrameworksBuildPhase;
			buildActionMask = 2147483647;
			files = (
				8187739A19E48A7C007E5DA3 /* GLOceanKit.dylib in Frameworks */,
				8187739819E48A0A007E5DA3 /* GLNumericalModelingKit.dylib in Frameworks */,
			);
			runOnlyForDeploymentPostprocessing = 0;
		};
/* End PBXFrameworksBuildPhase section */

/* Begin PBXGroup section */
		817A3C6C1B1CCBC900065690 /* QuasigeostrophicTurbulenceWithRestart */ = {
			isa = PBXGroup;
			children = (
				817A3C6D1B1CCBC900065690 /* main.m */,
			);
			path = QuasigeostrophicTurbulenceWithRestart;
			sourceTree = "<group>";
		};
		8187738419E4893D007E5DA3 = {
			isa = PBXGroup;
			children = (
				8187739919E48A7C007E5DA3 /* GLOceanKit.dylib */,
				8187739719E48A0A007E5DA3 /* GLNumericalModelingKit.dylib */,
				8187738F19E4893D007E5DA3 /* QuasigeostrophicTurbulence */,
				817A3C6C1B1CCBC900065690 /* QuasigeostrophicTurbulenceWithRestart */,
				8187738E19E4893D007E5DA3 /* Products */,
			);
			sourceTree = "<group>";
		};
		8187738E19E4893D007E5DA3 /* Products */ = {
			isa = PBXGroup;
			children = (
				8187738D19E4893D007E5DA3 /* QuasigeostrophicTurbulence */,
				817A3C6B1B1CCBC900065690 /* QuasigeostrophicTurbulenceWithRestart */,
			);
			name = Products;
			sourceTree = "<group>";
		};
		8187738F19E4893D007E5DA3 /* QuasigeostrophicTurbulence */ = {
			isa = PBXGroup;
			children = (
				8187739019E4893D007E5DA3 /* main.m */,
			);
			path = QuasigeostrophicTurbulence;
			sourceTree = "<group>";
		};
/* End PBXGroup section */

/* Begin PBXNativeTarget section */
		817A3C6A1B1CCBC900065690 /* QuasigeostrophicTurbulenceWithRestart */ = {
			isa = PBXNativeTarget;
			buildConfigurationList = 817A3C711B1CCBC900065690 /* Build configuration list for PBXNativeTarget "QuasigeostrophicTurbulenceWithRestart" */;
			buildPhases = (
				817A3C671B1CCBC900065690 /* Sources */,
				817A3C681B1CCBC900065690 /* Frameworks */,
				817A3C691B1CCBC900065690 /* CopyFiles */,
			);
			buildRules = (
			);
			dependencies = (
			);
			name = QuasigeostrophicTurbulenceWithRestart;
			productName = QuasigeostrophicTurbulenceWithRestart;
			productReference = 817A3C6B1B1CCBC900065690 /* QuasigeostrophicTurbulenceWithRestart */;
			productType = "com.apple.product-type.tool";
		};
		8187738C19E4893D007E5DA3 /* QuasigeostrophicTurbulence */ = {
			isa = PBXNativeTarget;
			buildConfigurationList = 8187739419E4893D007E5DA3 /* Build configuration list for PBXNativeTarget "QuasigeostrophicTurbulence" */;
			buildPhases = (
				8187738919E4893D007E5DA3 /* Sources */,
				8187738A19E4893D007E5DA3 /* Frameworks */,
				8187738B19E4893D007E5DA3 /* CopyFiles */,
			);
			buildRules = (
			);
			dependencies = (
			);
			name = QuasigeostrophicTurbulence;
			productName = QuasigeostrophicTurbulence;
			productReference = 8187738D19E4893D007E5DA3 /* QuasigeostrophicTurbulence */;
			productType = "com.apple.product-type.tool";
		};
/* End PBXNativeTarget section */

/* Begin PBXProject section */
		8187738519E4893D007E5DA3 /* Project object */ = {
			isa = PBXProject;
			attributes = {
				LastUpgradeCheck = 0610;
				ORGANIZATIONNAME = "Jeffrey J. Early";
				TargetAttributes = {
					817A3C6A1B1CCBC900065690 = {
						CreatedOnToolsVersion = 6.3.2;
					};
					8187738C19E4893D007E5DA3 = {
						CreatedOnToolsVersion = 6.1;
					};
				};
			};
			buildConfigurationList = 8187738819E4893D007E5DA3 /* Build configuration list for PBXProject "QuasigeostrophicTurbulence" */;
			compatibilityVersion = "Xcode 3.2";
			developmentRegion = English;
			hasScannedForEncodings = 0;
			knownRegions = (
				en,
			);
			mainGroup = 8187738419E4893D007E5DA3;
			productRefGroup = 8187738E19E4893D007E5DA3 /* Products */;
			projectDirPath = "";
			projectRoot = "";
			targets = (
				8187738C19E4893D007E5DA3 /* QuasigeostrophicTurbulence */,
				817A3C6A1B1CCBC900065690 /* QuasigeostrophicTurbulenceWithRestart */,
			);
		};
/* End PBXProject section */

/* Begin PBXSourcesBuildPhase section */
		817A3C671B1CCBC900065690 /* Sources */ = {
			isa = PBXSourcesBuildPhase;
			buildActionMask = 2147483647;
			files = (
				817A3C6E1B1CCBC900065690 /* main.m in Sources */,
			);
			runOnlyForDeploymentPostprocessing = 0;
		};
		8187738919E4893D007E5DA3 /* Sources */ = {
			isa = PBXSourcesBuildPhase;
			buildActionMask = 2147483647;
			files = (
				8187739119E4893D007E5DA3 /* main.m in Sources */,
			);
			runOnlyForDeploymentPostprocessing = 0;
		};
/* End PBXSourcesBuildPhase section */

/* Begin XCBuildConfiguration section */
		817A3C6F1B1CCBC900065690 /* Debug */ = {
			isa = XCBuildConfiguration;
			buildSettings = {
				DEBUG_INFORMATION_FORMAT = dwarf;
				GCC_NO_COMMON_BLOCKS = YES;
				GCC_PREPROCESSOR_DEFINITIONS = (
					"DEBUG=1",
					"$(inherited)",
				);
				MACOSX_DEPLOYMENT_TARGET = 10.10;
				PRODUCT_NAME = "$(TARGET_NAME)";
			};
			name = Debug;
		};
		817A3C701B1CCBC900065690 /* Release */ = {
			isa = XCBuildConfiguration;
			buildSettings = {
				COPY_PHASE_STRIP = NO;
				GCC_NO_COMMON_BLOCKS = YES;
				MACOSX_DEPLOYMENT_TARGET = 10.10;
				PRODUCT_NAME = "$(TARGET_NAME)";
			};
			name = Release;
		};
		8187739219E4893D007E5DA3 /* Debug */ = {
			isa = XCBuildConfiguration;
			buildSettings = {
				ALWAYS_SEARCH_USER_PATHS = NO;
				CLANG_CXX_LANGUAGE_STANDARD = "gnu++0x";
				CLANG_CXX_LIBRARY = "libc++";
				CLANG_ENABLE_MODULES = YES;
				CLANG_ENABLE_OBJC_ARC = YES;
				CLANG_WARN_BOOL_CONVERSION = YES;
				CLANG_WARN_CONSTANT_CONVERSION = YES;
				CLANG_WARN_DIRECT_OBJC_ISA_USAGE = YES_ERROR;
				CLANG_WARN_EMPTY_BODY = YES;
				CLANG_WARN_ENUM_CONVERSION = YES;
				CLANG_WARN_INT_CONVERSION = YES;
				CLANG_WARN_OBJC_ROOT_CLASS = YES_ERROR;
				CLANG_WARN_UNREACHABLE_CODE = YES;
				CLANG_WARN__DUPLICATE_METHOD_MATCH = YES;
				COPY_PHASE_STRIP = NO;
				ENABLE_STRICT_OBJC_MSGSEND = YES;
				GCC_C_LANGUAGE_STANDARD = gnu99;
				GCC_DYNAMIC_NO_PIC = NO;
				GCC_OPTIMIZATION_LEVEL = 0;
				GCC_PREPROCESSOR_DEFINITIONS = (
					"DEBUG=1",
					"$(inherited)",
				);
				GCC_SYMBOLS_PRIVATE_EXTERN = NO;
				GCC_WARN_64_TO_32_BIT_CONVERSION = YES;
				GCC_WARN_ABOUT_RETURN_TYPE = YES_ERROR;
				GCC_WARN_UNDECLARED_SELECTOR = YES;
				GCC_WARN_UNINITIALIZED_AUTOS = YES_AGGRESSIVE;
				GCC_WARN_UNUSED_FUNCTION = YES;
				GCC_WARN_UNUSED_VARIABLE = YES;
				MACOSX_DEPLOYMENT_TARGET = 10.9;
				MTL_ENABLE_DEBUG_INFO = YES;
				ONLY_ACTIVE_ARCH = YES;
				SDKROOT = macosx;
			};
			name = Debug;
		};
		8187739319E4893D007E5DA3 /* Release */ = {
			isa = XCBuildConfiguration;
			buildSettings = {
				ALWAYS_SEARCH_USER_PATHS = NO;
				CLANG_CXX_LANGUAGE_STANDARD = "gnu++0x";
				CLANG_CXX_LIBRARY = "libc++";
				CLANG_ENABLE_MODULES = YES;
				CLANG_ENABLE_OBJC_ARC = YES;
				CLANG_WARN_BOOL_CONVERSION = YES;
				CLANG_WARN_CONSTANT_CONVERSION = YES;
				CLANG_WARN_DIRECT_OBJC_ISA_USAGE = YES_ERROR;
				CLANG_WARN_EMPTY_BODY = YES;
				CLANG_WARN_ENUM_CONVERSION = YES;
				CLANG_WARN_INT_CONVERSION = YES;
				CLANG_WARN_OBJC_ROOT_CLASS = YES_ERROR;
				CLANG_WARN_UNREACHABLE_CODE = YES;
				CLANG_WARN__DUPLICATE_METHOD_MATCH = YES;
				COPY_PHASE_STRIP = YES;
				DEBUG_INFORMATION_FORMAT = "dwarf-with-dsym";
				ENABLE_NS_ASSERTIONS = NO;
				ENABLE_STRICT_OBJC_MSGSEND = YES;
				GCC_C_LANGUAGE_STANDARD = gnu99;
				GCC_WARN_64_TO_32_BIT_CONVERSION = YES;
				GCC_WARN_ABOUT_RETURN_TYPE = YES_ERROR;
				GCC_WARN_UNDECLARED_SELECTOR = YES;
				GCC_WARN_UNINITIALIZED_AUTOS = YES_AGGRESSIVE;
				GCC_WARN_UNUSED_FUNCTION = YES;
				GCC_WARN_UNUSED_VARIABLE = YES;
				MACOSX_DEPLOYMENT_TARGET = 10.9;
				MTL_ENABLE_DEBUG_INFO = NO;
				SDKROOT = macosx;
			};
			name = Release;
		};
		8187739519E4893D007E5DA3 /* Debug */ = {
			isa = XCBuildConfiguration;
			buildSettings = {
				HEADER_SEARCH_PATHS = (
					"$(inherited)",
					"/Applications/Xcode\\ 6.1b3.app/Contents/Developer/Toolchains/XcodeDefault.xctoolchain/usr/include",
					"$(BUILT_PRODUCTS_DIR)/usr/local/include",
				);
				LIBRARY_SEARCH_PATHS = (
					"$(inherited)",
					"$(USER_LIBRARY_DIR)/Developer/Xcode/DerivedData/QuasigeostrophicTurbulence-ecsuhqersmalbaftumksccuipinf/Build/Products/Debug",
				);
				PRODUCT_NAME = "$(TARGET_NAME)";
			};
			name = Debug;
		};
		8187739619E4893D007E5DA3 /* Release */ = {
			isa = XCBuildConfiguration;
			buildSettings = {
				HEADER_SEARCH_PATHS = (
					"$(inherited)",
					"/Applications/Xcode\\ 6.1b3.app/Contents/Developer/Toolchains/XcodeDefault.xctoolchain/usr/include",
					"$(BUILT_PRODUCTS_DIR)/usr/local/include",
				);
				LIBRARY_SEARCH_PATHS = (
					"$(inherited)",
					"$(USER_LIBRARY_DIR)/Developer/Xcode/DerivedData/QuasigeostrophicTurbulence-ecsuhqersmalbaftumksccuipinf/Build/Products/Debug",
				);
				PRODUCT_NAME = "$(TARGET_NAME)";
			};
			name = Release;
		};
/* End XCBuildConfiguration section */

/* Begin XCConfigurationList section */
		817A3C711B1CCBC900065690 /* Build configuration list for PBXNativeTarget "QuasigeostrophicTurbulenceWithRestart" */ = {
			isa = XCConfigurationList;
			buildConfigurations = (
				817A3C6F1B1CCBC900065690 /* Debug */,
				817A3C701B1CCBC900065690 /* Release */,
			);
			defaultConfigurationIsVisible = 0;
		};
		8187738819E4893D007E5DA3 /* Build configuration list for PBXProject "QuasigeostrophicTurbulence" */ = {
			isa = XCConfigurationList;
			buildConfigurations = (
				8187739219E4893D007E5DA3 /* Debug */,
				8187739319E4893D007E5DA3 /* Release */,
			);
			defaultConfigurationIsVisible = 0;
			defaultConfigurationName = Release;
		};
		8187739419E4893D007E5DA3 /* Build configuration list for PBXNativeTarget "QuasigeostrophicTurbulence" */ = {
			isa = XCConfigurationList;
			buildConfigurations = (
				8187739519E4893D007E5DA3 /* Debug */,
				8187739619E4893D007E5DA3 /* Release */,
			);
			defaultConfigurationIsVisible = 0;
			defaultConfigurationName = Release;
		};
/* End XCConfigurationList section */
	};
	rootObject = 8187738519E4893D007E5DA3 /* Project object */;
}
